<?xml version="1.0" encoding="utf-8"?>
<Project ToolsVersion="4.0" xmlns="http://schemas.microsoft.com/developer/msbuild/2003">
  <ItemGroup>
    <Filter Include="Source Files">
      <UniqueIdentifier>{4FC737F1-C7A5-4376-A066-2A32D752A2FF}</UniqueIdentifier>
      <Extensions>cpp;c;cc;cxx;c++;cppm;ixx;def;odl;idl;hpj;bat;asm;asmx</Extensions>
    </Filter>
    <Filter Include="Header Files">
      <UniqueIdentifier>{93995380-89BD-4b04-88EB-625FBE52EBFB}</UniqueIdentifier>
      <Extensions>h;hh;hpp;hxx;h++;hm;inl;inc;ipp;xsd</Extensions>
    </Filter>
    <Filter Include="Resource Files">
      <UniqueIdentifier>{67DA6AB6-F800-4c08-8B7A-83BB121AAD01}</UniqueIdentifier>
      <Extensions>rc;ico;cur;bmp;dlg;rc2;rct;bin;rgs;gif;jpg;jpeg;jpe;resx;tiff;tif;png;wav;mfcribbon-ms</Extensions>
    </Filter>
  </ItemGroup>
  <ItemGroup>
    <ClCompile Include="Entry.cpp">
      <Filter>Source Files</Filter>
    </ClCompile>
    <ClCompile Include="UEFIpp\Source\UEFI\EntryPoint.cpp">
      <Filter>Source Files</Filter>
    </ClCompile>
    <ClCompile Include="UEFIpp\Source\Memory\Allocator.cpp">
      <Filter>Source Files</Filter>
    </ClCompile>
    <ClCompile Include="UEFIpp\Source\Memory\Memory.cpp">
      <Filter>Source Files</Filter>
    </ClCompile>
    <ClCompile Include="UEFIpp\Source\CRT\Heap.cpp">
      <Filter>Source Files</Filter>
    </ClCompile>
    <ClCompile Include="UEFIpp\Source\CRT\StdLib.cpp">
      <Filter>Source Files</Filter>
    </ClCompile>
    <ClCompile Include="UEFIpp\Source\CRT\New.cpp">
      <Filter>Source Files</Filter>
    </ClCompile>
    <ClCompile Include="UEFIpp\Source\CRT\String.cpp">
      <Filter>Source Files</Filter>
    </ClCompile>
    <ClCompile Include="UEFIpp\Source\FileSystem\Path.cpp">
      <Filter>Source Files</Filter>
    </ClCompile>
    <ClCompile Include="UEFIpp\Source\FileSystem\Time.cpp">
      <Filter>Source Files</Filter>
    </ClCompile>
    <ClCompile Include="UEFIpp\Source\FileSystem\FileAttributes.cpp">
      <Filter>Source Files</Filter>
    </ClCompile>
    <ClCompile Include="UEFIpp\Source\Reverse\Scanner.cpp">
      <Filter>Source Files</Filter>
    </ClCompile>
    <ClCompile Include="UEFIpp\Source\Reverse\Pattern.cpp">
      <Filter>Source Files</Filter>
    </ClCompile>
    <ClCompile Include="UEFIpp\Source\FileSystem\FileInfo.cpp">
      <Filter>Source Files</Filter>
    </ClCompile>
    <ClCompile Include="UEFIpp\Source\FileSystem\File.cpp">
      <Filter>Source Files</Filter>
    </ClCompile>
    <ClCompile Include="UEFIpp\Source\Reverse\SymbolResolver.cpp">
      <Filter>Source Files</Filter>
    </ClCompile>
    <ClCompile Include="UEFIpp\Source\Bus\PciDevice.cpp">
      <Filter>Source Files</Filter>
    </ClCompile>
    <ClCompile Include="UEFIpp\Source\Bus\Pci.cpp">
      <Filter>Source Files</Filter>
    </ClCompile>
  </ItemGroup>
  <ItemGroup>
    <ClInclude Include="DFA\Alphabet.hpp">
      <Filter>Header Files</Filter>
    </ClInclude>
    <ClInclude Include="DFA\RegexToken.hpp">
      <Filter>Header Files</Filter>
    </ClInclude>
    <ClInclude Include="DFA\RegexLexer.hpp">
      <Filter>Header Files</Filter>
    </ClInclude>
    <ClInclude Include="DFA\RegexValidate.hpp">
      <Filter>Header Files</Filter>
    </ClInclude>
    <ClInclude Include="DFA\RegexToPostfix.hpp">
      <Filter>Header Files</Filter>
    </ClInclude>
    <ClInclude Include="DFA\RegexToNfa.hpp">
      <Filter>Header Files</Filter>
    </ClInclude>
    <ClInclude Include="DFA\NfaToDfa.hpp">
      <Filter>Header Files</Filter>
    </ClInclude>
    <ClInclude Include="Uefi\NVRAM\NVRAM.hpp">
      <Filter>Header Files</Filter>
    </ClInclude>
    <ClInclude Include="Uefi\Util\Util.hpp">
      <Filter>Header Files</Filter>
    </ClInclude>
    <ClInclude Include="Uefi\Image\Image.hpp">
      <Filter>Header Files</Filter>
    </ClInclude>
    <ClInclude Include="Uefi\Detour\Detour.hpp">
      <Filter>Header Files</Filter>
    </ClInclude>
    <ClInclude Include="UEFIpp\Include\UEFIpp\UEFI\Status.hpp">
      <Filter>Header Files</Filter>
    </ClInclude>
    <ClInclude Include="UEFIpp\Include\UEFIpp\Foundation\Bit.hpp">
      <Filter>Header Files</Filter>
    </ClInclude>
    <ClInclude Include="UEFIpp\Include\UEFIpp\Foundation\Concepts.hpp">
      <Filter>Header Files</Filter>
    </ClInclude>
    <ClInclude Include="UEFIpp\Include\UEFIpp\Foundation\Traits.hpp">
      <Filter>Header Files</Filter>
    </ClInclude>
    <ClInclude Include="UEFIpp\Include\UEFIpp\Foundation\Utility.hpp">
      <Filter>Header Files</Filter>
    </ClInclude>
    <ClInclude Include="UEFIpp\Include\UEFIpp\Foundation\Cast.hpp">
      <Filter>Header Files</Filter>
    </ClInclude>
    <ClInclude Include="UEFIpp\Include\UEFIpp\Foundation\Endian.hpp">
      <Filter>Header Files</Filter>
    </ClInclude>
    <ClInclude Include="UEFIpp\Include\UEFIpp\Foundation\Assertions.hpp">
      <Filter>Header Files</Filter>
    </ClInclude>
    <ClInclude Include="UEFIpp\Include\UEFIpp\UEFI\Guid.hpp">
      <Filter>Header Files</Filter>
    </ClInclude>
    <ClInclude Include="UEFIpp\Include\UEFIpp\Foundation\Types.hpp">
      <Filter>Header Files</Filter>
    </ClInclude>
    <ClInclude Include="UEFIpp\Include\UEFIpp\Foundation\Foundation.hpp">
      <Filter>Header Files</Filter>
    </ClInclude>
    <ClInclude Include="UEFIpp\Include\UEFIpp\UEFI\TableHeader.hpp">
      <Filter>Header Files</Filter>
    </ClInclude>
    <ClInclude Include="UEFIpp\Include\UEFIpp\UEFI\BootServices.hpp">
      <Filter>Header Files</Filter>
    </ClInclude>
    <ClInclude Include="UEFIpp\Include\UEFIpp\UEFI\Types.hpp">
      <Filter>Header Files</Filter>
    </ClInclude>
    <ClInclude Include="UEFIpp\Include\UEFIpp\UEFI\ConfigurationTable.hpp">
      <Filter>Header Files</Filter>
    </ClInclude>
    <ClInclude Include="UEFIpp\Include\UEFIpp\UEFI\SystemTable.hpp">
      <Filter>Header Files</Filter>
    </ClInclude>
    <ClInclude Include="UEFIpp\Include\UEFIpp\UEFI\Memory.hpp">
      <Filter>Header Files</Filter>
    </ClInclude>
    <ClInclude Include="UEFIpp\Include\UEFIpp\UEFI\DevicePath.hpp">
      <Filter>Header Files</Filter>
    </ClInclude>
    <ClInclude Include="UEFIpp\Include\UEFIpp\UEFI\RuntimeServices.hpp">
      <Filter>Header Files</Filter>
    </ClInclude>
    <ClInclude Include="UEFIpp\Include\UEFIpp\UEFI\Capsule.hpp">
      <Filter>Header Files</Filter>
    </ClInclude>
    <ClInclude Include="UEFIpp\Include\UEFIpp\Protocols\SimpleTextOutput.hpp">
      <Filter>Header Files</Filter>
    </ClInclude>
    <ClInclude Include="UEFIpp\Include\UEFIpp\Protocols\SimpleTextInput.hpp">
      <Filter>Header Files</Filter>
    </ClInclude>
    <ClInclude Include="UEFIpp\Include\UEFIpp\Protocols\Protocols.hpp">
      <Filter>Header Files</Filter>
    </ClInclude>
    <ClInclude Include="UEFIpp\Include\UEFIpp\Stream\Out\Common.hpp">
      <Filter>Header Files</Filter>
    </ClInclude>
    <ClInclude Include="UEFIpp\Include\UEFIpp\UEFI\UEFI.hpp">
      <Filter>Header Files</Filter>
    </ClInclude>
    <ClInclude Include="UEFIpp\Include\UEFIpp\Stream\Out\Serial.hpp">
      <Filter>Header Files</Filter>
    </ClInclude>
    <ClInclude Include="UEFIpp\Include\UEFIpp\Stream\Out\Console.hpp">
      <Filter>Header Files</Filter>
    </ClInclude>
    <ClInclude Include="UEFIpp\Include\UEFIpp\Stream\Stream.hpp">
      <Filter>Header Files</Filter>
    </ClInclude>
    <ClInclude Include="UEFIpp\Include\UEFIpp\UEFIpp.hpp">
      <Filter>Header Files</Filter>
    </ClInclude>
    <ClInclude Include="UEFIpp\Include\UEFIpp\UEFI\Context.hpp">
      <Filter>Header Files</Filter>
    </ClInclude>
    <ClInclude Include="UEFIpp\Include\UEFIpp\Architecture\X64\X64.hpp">
      <Filter>Header Files</Filter>
    </ClInclude>
    <ClInclude Include="UEFIpp\Include\UEFIpp\Architecture\Architecture.hpp">
      <Filter>Header Files</Filter>
    </ClInclude>
    <ClInclude Include="UEFIpp\Include\UEFIpp\Stream\Out\Out.hpp">
      <Filter>Header Files</Filter>
    </ClInclude>
    <ClInclude Include="UEFIpp\Include\UEFIpp\Memory\Allocator.hpp">
      <Filter>Header Files</Filter>
    </ClInclude>
    <ClInclude Include="UEFIpp\Include\UEFIpp\Memory\Memory.hpp">
      <Filter>Header Files</Filter>
    </ClInclude>
    <ClInclude Include="UEFIpp\Include\UEFIpp\CRT\Heap.hpp">
      <Filter>Header Files</Filter>
    </ClInclude>
    <ClInclude Include="UEFIpp\Include\UEFIpp\CRT\StdLib.hpp">
      <Filter>Header Files</Filter>
    </ClInclude>
    <ClInclude Include="UEFIpp\Include\UEFIpp\CRT\New.hpp">
      <Filter>Header Files</Filter>
    </ClInclude>
    <ClInclude Include="UEFIpp\Include\UEFIpp\CRT\StdDef.hpp">
      <Filter>Header Files</Filter>
    </ClInclude>
    <ClInclude Include="UEFIpp\Include\UEFIpp\CRT\CRT.hpp">
      <Filter>Header Files</Filter>
    </ClInclude>
    <ClInclude Include="UEFIpp\Include\UEFIpp\CRT\String.hpp">
      <Filter>Header Files</Filter>
    </ClInclude>
    <ClInclude Include="UEFIpp\Include\UEFIpp\Library\String\StringView.hpp">
      <Filter>Header Files</Filter>
    </ClInclude>
    <ClInclude Include="UEFIpp\Include\UEFIpp\Library\String\BasicString.hpp">
      <Filter>Header Files</Filter>
    </ClInclude>
    <ClInclude Include="UEFIpp\Include\UEFIpp\Text\Parse.hpp">
      <Filter>Header Files</Filter>
    </ClInclude>
    <ClInclude Include="UEFIpp\Include\UEFIpp\Text\Format.hpp">
      <Filter>Header Files</Filter>
    </ClInclude>
    <ClInclude Include="UEFIpp\Include\UEFIpp\Text\Encoding.hpp">
      <Filter>Header Files</Filter>
    </ClInclude>
    <ClInclude Include="UEFIpp\Include\UEFIpp\Text\Text.hpp">
      <Filter>Header Files</Filter>
    </ClInclude>
    <ClInclude Include="UEFIpp\Include\UEFIpp\Library\String\String.hpp">
      <Filter>Header Files</Filter>
    </ClInclude>
    <ClInclude Include="UEFIpp\Include\UEFIpp\Library\Library.hpp">
      <Filter>Header Files</Filter>
    </ClInclude>
    <ClInclude Include="UEFIpp\Include\UEFIpp\Library\Containers\Span.hpp">
      <Filter>Header Files</Filter>
    </ClInclude>
    <ClInclude Include="UEFIpp\Include\UEFIpp\Library\Containers\Containers.hpp">
      <Filter>Header Files</Filter>
    </ClInclude>
    <ClInclude Include="UEFIpp\Include\UEFIpp\Library\Containers\Array.hpp">
      <Filter>Header Files</Filter>
    </ClInclude>
    <ClInclude Include="UEFIpp\Include\UEFIpp\Library\Containers\Vector.hpp">
      <Filter>Header Files</Filter>
    </ClInclude>
    <ClInclude Include="UEFIpp\Include\UEFIpp\Library\Containers\Optional.hpp">
      <Filter>Header Files</Filter>
    </ClInclude>
    <ClInclude Include="UEFIpp\Include\UEFIpp\Protocols\Access.hpp">
      <Filter>Header Files</Filter>
    </ClInclude>
    <ClInclude Include="UEFIpp\Include\UEFIpp\Protocols\Traits.hpp">
      <Filter>Header Files</Filter>
    </ClInclude>
    <ClInclude Include="UEFIpp\Include\UEFIpp\Protocols\InputKey.hpp">
      <Filter>Header Files</Filter>
    </ClInclude>
    <ClInclude Include="UEFIpp\Include\UEFIpp\Protocols\File.hpp">
      <Filter>Header Files</Filter>
    </ClInclude>
    <ClInclude Include="UEFIpp\Include\UEFIpp\Protocols\SimpleFileSystem.hpp">
      <Filter>Header Files</Filter>
    </ClInclude>
    <ClInclude Include="UEFIpp\Include\UEFIpp\Foundation\Compare.hpp">
      <Filter>Header Files</Filter>
    </ClInclude>
    <ClInclude Include="UEFIpp\Include\UEFIpp\FileSystem\Path.hpp">
      <Filter>Header Files</Filter>
    </ClInclude>
    <ClInclude Include="UEFIpp\Include\UEFIpp\FileSystem\FileSystem.hpp">
      <Filter>Header Files</Filter>
    </ClInclude>
    <ClInclude Include="UEFIpp\Include\UEFIpp\FileSystem\FileInfo.hpp">
      <Filter>Header Files</Filter>
    </ClInclude>
    <ClInclude Include="UEFIpp\Include\UEFIpp\FileSystem\Time.hpp">
      <Filter>Header Files</Filter>
    </ClInclude>
    <ClInclude Include="UEFIpp\Include\UEFIpp\FileSystem\FileAttributes.hpp">
      <Filter>Header Files</Filter>
    </ClInclude>
    <ClInclude Include="UEFIpp\Include\UEFIpp\Reverse\PatternByte.hpp">
      <Filter>Header Files</Filter>
    </ClInclude>
    <ClInclude Include="UEFIpp\Include\UEFIpp\Reverse\Pattern.hpp">
      <Filter>Header Files</Filter>
    </ClInclude>
    <ClInclude Include="UEFIpp\Include\UEFIpp\Reverse\Match.hpp">
      <Filter>Header Files</Filter>
    </ClInclude>
    <ClInclude Include="UEFIpp\Include\UEFIpp\Reverse\Scanner.hpp">
      <Filter>Header Files</Filter>
    </ClInclude>
    <ClInclude Include="UEFIpp\Include\UEFIpp\Reverse\Reverse.hpp">
      <Filter>Header Files</Filter>
    </ClInclude>
    <ClInclude Include="UEFIpp\Include\UEFIpp\Loader\PeImage.hpp">
      <Filter>Header Files</Filter>
    </ClInclude>
    <ClInclude Include="UEFIpp\Include\UEFIpp\Loader\Loader.hpp">
      <Filter>Header Files</Filter>
    </ClInclude>
    <ClInclude Include="UEFIpp\Include\UEFIpp\Protocols\SimpleTextInputEx.hpp">
      <Filter>Header Files</Filter>
    </ClInclude>
    <ClInclude Include="UEFIpp\Include\UEFIpp\Stream\In\Common.hpp">
      <Filter>Header Files</Filter>
    </ClInclude>
    <ClInclude Include="UEFIpp\Include\UEFIpp\Stream\In\Console.hpp">
      <Filter>Header Files</Filter>
    </ClInclude>
    <ClInclude Include="UEFIpp\Include\UEFIpp\Stream\In\In.hpp">
      <Filter>Header Files</Filter>
    </ClInclude>
    <ClInclude Include="UEFIpp\Include\UEFIpp\Protocols\LoadedImage.hpp">
      <Filter>Header Files</Filter>
    </ClInclude>
    <ClInclude Include="UEFIpp\Include\UEFIpp\Time\Duration.hpp">
      <Filter>Header Files</Filter>
    </ClInclude>
    <ClInclude Include="UEFIpp\Include\UEFIpp\Time\Instant.hpp">
      <Filter>Header Files</Filter>
    </ClInclude>
    <ClInclude Include="UEFIpp\Include\UEFIpp\Time\TimeOfDay.hpp">
      <Filter>Header Files</Filter>
    </ClInclude>
    <ClInclude Include="UEFIpp\Include\UEFIpp\Time\TimeZone.hpp">
      <Filter>Header Files</Filter>
    </ClInclude>
    <ClInclude Include="UEFIpp\Include\UEFIpp\Time\Calendar.hpp">
      <Filter>Header Files</Filter>
    </ClInclude>
    <ClInclude Include="UEFIpp\Include\UEFIpp\Time\DateTime.hpp">
      <Filter>Header Files</Filter>
    </ClInclude>
    <ClInclude Include="UEFIpp\Include\UEFIpp\Time\Date.hpp">
      <Filter>Header Files</Filter>
    </ClInclude>
    <ClInclude Include="UEFIpp\Include\UEFIpp\Time\Clock.hpp">
      <Filter>Header Files</Filter>
    </ClInclude>
    <ClInclude Include="UEFIpp\Include\UEFIpp\Time\Stopwatch.hpp">
      <Filter>Header Files</Filter>
    </ClInclude>
    <ClInclude Include="UEFIpp\Include\UEFIpp\Time\Time.hpp">
      <Filter>Header Files</Filter>
    </ClInclude>
    <ClInclude Include="UEFIpp\Include\UEFIpp\Architecture\X64\Common\Registers.hpp">
      <Filter>Header Files</Filter>
    </ClInclude>
    <ClInclude Include="UEFIpp\Include\UEFIpp\Architecture\X64\Common\Msr.hpp">
      <Filter>Header Files</Filter>
    </ClInclude>
    <ClInclude Include="UEFIpp\Include\UEFIpp\Architecture\X64\Memory\PhysicalAddress.hpp">
      <Filter>Header Files</Filter>
    </ClInclude>
    <ClInclude Include="UEFIpp\Include\UEFIpp\Architecture\X64\Memory\VirtualAddress.hpp">
      <Filter>Header Files</Filter>
    </ClInclude>
    <ClInclude Include="UEFIpp\Include\UEFIpp\Architecture\X64\Memory\Page.hpp">
      <Filter>Header Files</Filter>
    </ClInclude>
    <ClInclude Include="UEFIpp\Include\UEFIpp\Architecture\X64\Memory\PageTables.hpp">
      <Filter>Header Files</Filter>
    </ClInclude>
    <ClInclude Include="UEFIpp\Include\UEFIpp\Architecture\X64\Memory\Paging.hpp">
      <Filter>Header Files</Filter>
    </ClInclude>
    <ClInclude Include="UEFIpp\Include\UEFIpp\Architecture\X64\Memory\Tlb.hpp">
      <Filter>Header Files</Filter>
    </ClInclude>
    <ClInclude Include="UEFIpp\Include\UEFIpp\Architecture\X64\Cpu\Cpu.hpp">
      <Filter>Header Files</Filter>
    </ClInclude>
    <ClInclude Include="UEFIpp\Include\UEFIpp\Nvram\Attribute.hpp">
      <Filter>Header Files</Filter>
    </ClInclude>
    <ClInclude Include="UEFIpp\Include\UEFIpp\Nvram\VariableId.hpp">
      <Filter>Header Files</Filter>
    </ClInclude>
    <ClInclude Include="UEFIpp\Include\UEFIpp\Nvram\Variable.hpp">
      <Filter>Header Files</Filter>
    </ClInclude>
    <ClInclude Include="UEFIpp\Include\UEFIpp\Nvram\QueryInfo.hpp">
      <Filter>Header Files</Filter>
    </ClInclude>
    <ClInclude Include="UEFIpp\Include\UEFIpp\Nvram\View.hpp">
      <Filter>Header Files</Filter>
    </ClInclude>
    <ClInclude Include="UEFIpp\Include\UEFIpp\Nvram\TypedVariable.hpp">
      <Filter>Header Files</Filter>
    </ClInclude>
    <ClInclude Include="UEFIpp\Include\UEFIpp\Nvram\WellKnown.hpp">
      <Filter>Header Files</Filter>
    </ClInclude>
    <ClInclude Include="UEFIpp\Include\UEFIpp\Nvram\Store.hpp">
      <Filter>Header Files</Filter>
    </ClInclude>
    <ClInclude Include="UEFIpp\Include\UEFIpp\Nvram\Nvram.hpp">
      <Filter>Header Files</Filter>
    </ClInclude>
    <ClInclude Include="UEFIpp\Include\UEFIpp\Crypto\SecureZero.hpp">
      <Filter>Header Files</Filter>
    </ClInclude>
    <ClInclude Include="UEFIpp\Include\UEFIpp\Crypto\ConstantTime.hpp">
      <Filter>Header Files</Filter>
    </ClInclude>
    <ClInclude Include="UEFIpp\Include\UEFIpp\Crypto\SecureBuffer.hpp">
      <Filter>Header Files</Filter>
    </ClInclude>
    <ClInclude Include="UEFIpp\Include\UEFIpp\Architecture\X64\Cpu\Random.hpp">
      <Filter>Header Files</Filter>
    </ClInclude>
    <ClInclude Include="UEFIpp\Include\UEFIpp\Crypto\Random.hpp">
      <Filter>Header Files</Filter>
    </ClInclude>
    <ClInclude Include="UEFIpp\Include\UEFIpp\Crypto\Crypto.hpp">
      <Filter>Header Files</Filter>
    </ClInclude>
    <ClInclude Include="UEFIpp\Include\UEFIpp\Crypto\Encoding\Hex.hpp">
      <Filter>Header Files</Filter>
    </ClInclude>
    <ClInclude Include="UEFIpp\Include\UEFIpp\Crypto\Hash\Hash.hpp">
      <Filter>Header Files</Filter>
    </ClInclude>
    <ClInclude Include="UEFIpp\Include\UEFIpp\Crypto\Hash\Sha256.hpp">
      <Filter>Header Files</Filter>
    </ClInclude>
    <ClInclude Include="UEFIpp\Include\UEFIpp\Crypto\Mac\Hmac.hpp">
      <Filter>Header Files</Filter>
    </ClInclude>
    <ClInclude Include="UEFIpp\Include\UEFIpp\Crypto\Mac\HmacSha256.hpp">
      <Filter>Header Files</Filter>
    </ClInclude>
    <ClInclude Include="UEFIpp\Include\UEFIpp\Crypto\Kdf\Hkdf.hpp">
      <Filter>Header Files</Filter>
    </ClInclude>
    <ClInclude Include="UEFIpp\Include\UEFIpp\Crypto\Kdf\Pbkdf2.hpp">
      <Filter>Header Files</Filter>
    </ClInclude>
    <ClInclude Include="UEFIpp\Include\UEFIpp\Loader\LoadedImageFinder.hpp">
      <Filter>Header Files</Filter>
    </ClInclude>
    <ClInclude Include="UEFIpp\Include\UEFIpp\FileSystem\File.hpp">
      <Filter>Header Files</Filter>
    </ClInclude>
    <ClInclude Include="UEFIpp\Include\UEFIpp\Stream\Out\File.hpp">
      <Filter>Header Files</Filter>
    </ClInclude>
    <ClInclude Include="UEFIpp\Include\UEFIpp\Stream\FileOutputStream.hpp">
      <Filter>Header Files</Filter>
    </ClInclude>
    <ClInclude Include="UEFIpp\Include\UEFIpp\Stream\FileInputStream.hpp">
      <Filter>Header Files</Filter>
    </ClInclude>
    <ClInclude Include="UEFIpp\Include\UEFIpp\Reverse\SymbolResolver.hpp">
      <Filter>Header Files</Filter>
    </ClInclude>
    <ClInclude Include="UEFIpp\Include\UEFIpp\Hooking\Hooking.hpp">
      <Filter>Header Files</Filter>
    </ClInclude>
    <ClInclude Include="UEFIpp\Include\UEFIpp\Hooking\Detour.hpp">
      <Filter>Header Files</Filter>
    </ClInclude>
    <ClInclude Include="UEFIpp\Include\UEFIpp\Hooking\CallHook.hpp">
      <Filter>Header Files</Filter>
    </ClInclude>
    <ClInclude Include="UEFIpp\Include\UEFIpp\Hooking\CodePatch.hpp">
      <Filter>Header Files</Filter>
    </ClInclude>
    <ClInclude Include="UEFIpp\Include\UEFIpp\Hooking\Patch.hpp">
      <Filter>Header Files</Filter>
    </ClInclude>
    <ClInclude Include="UEFIpp\Include\UEFIpp\Hooking\VTableHook.hpp">
      <Filter>Header Files</Filter>
    </ClInclude>
    <ClInclude Include="UEFIpp\Include\UEFIpp\Hooking\X64\AbsoluteJump.hpp">
      <Filter>Header Files</Filter>
    </ClInclude>
    <ClInclude Include="UEFIpp\Include\UEFIpp\Hooking\X64\Instruction.hpp">
      <Filter>Header Files</Filter>
    </ClInclude>
    <ClInclude Include="UEFIpp\Include\UEFIpp\Hooking\X64\RelativeCall.hpp">
      <Filter>Header Files</Filter>
    </ClInclude>
    <ClInclude Include="UEFIpp\Include\UEFIpp\Hooking\X64\RelativeJump.hpp">
      <Filter>Header Files</Filter>
    </ClInclude>
    <ClInclude Include="UEFIpp\Include\UEFIpp\Hooking\X64\X64.hpp">
      <Filter>Header Files</Filter>
    </ClInclude>
    <ClInclude Include="UEFIpp\Include\UEFIpp\Loader\PeTypes.hpp">
      <Filter>Header Files</Filter>
    </ClInclude>
    <ClInclude Include="UEFIpp\Include\UEFIpp\Loader\PeDirectory.hpp">
      <Filter>Header Files</Filter>
    </ClInclude>
    <ClInclude Include="UEFIpp\Include\UEFIpp\Protocols\PciIo.hpp">
      <Filter>Header Files</Filter>
    </ClInclude>
    <ClInclude Include="UEFIpp\Include\UEFIpp\Bus\PciDevice.hpp">
      <Filter>Header Files</Filter>
    </ClInclude>
    <ClInclude Include="UEFIpp\Include\UEFIpp\Bus\Pci.hpp">
      <Filter>Header Files</Filter>
    </ClInclude>
    <ClInclude Include="UEFIpp\Include\UEFIpp\Bus\PciClass.hpp">
      <Filter>Header Files</Filter>
    </ClInclude>
    <ClInclude Include="UEFIpp\Include\UEFIpp\Bus\Bus.hpp">
      <Filter>Header Files</Filter>
    </ClInclude>
  </ItemGroup>
  <ItemGroup>
    <MASM Include="UEFIpp\Include\UEFIpp\Architecture\X64\Cpu\RandomAsm.asm">
      <Filter>Source Files</Filter>
    </MASM>
  </ItemGroup>
</Project>